
Microsoft Visual Studio Solution File, Format Version 12.00
# Visual Studio Version 17
VisualStudioVersion = 17.0.31903.59
MinimumVisualStudioVersion = 10.0.40219.1
Project("{2150E333-8FDC-42A3-9474-1A3956D46DE8}") = "src", "src", "{827E0CD3-B72D-47B6-A68D-7590B98EB39B}"
EndProject
Project("{FAE04EC0-301F-11D3-BF4B-00C04F79EFBC}") = "ParkingLot", "src\ParkingLot\ParkingLot.csproj", "{4E01BA87-4E8D-4AF7-A3C9-EFD8746B3DAA}"
EndProject
Project("{FAE04EC0-301F-11D3-BF4B-00C04F79EFBC}") = "ParkingLot.Tests", "tests\ParkingLot.Tests\ParkingLot.Tests.csproj", "{D1A0A721-BA77-4464-BAFC-5DD218A37569}"
EndProject
Global
	GlobalSection(SolutionConfigurationPlatforms) = preSolution
		Debug|Any CPU = Debug|Any CPU
		Debug|x64 = Debug|x64
		Debug|x86 = Debug|x86
		Release|Any CPU = Release|Any CPU
		Release|x64 = Release|x64
		Release|x86 = Release|x86
	EndGlobalSection
	GlobalSection(ProjectConfigurationPlatforms) = postSolution
		{4E01BA87-4E8D-4AF7-A3C9-EFD8746B3DAA}.Debug|Any CPU.ActiveCfg = Debug|Any CPU
		{4E01BA87-4E8D-4AF7-A3C9-EFD8746B3DAA}.Debug|Any CPU.Build.0 = Debug|Any CPU
		{4E01BA87-4E8D-4AF7-A3C9-EFD8746B3DAA}.Debug|x64.ActiveCfg = Debug|Any CPU
		{4E01BA87-4E8D-4AF7-A3C9-EFD8746B3DAA}.Debug|x64.Build.0 = Debug|Any CPU
		{4E01BA87-4E8D-4AF7-A3C9-EFD8746B3DAA}.Debug|x86.ActiveCfg = Debug|Any CPU
		{4E01BA87-4E8D-4AF7-A3C9-EFD8746B3DAA}.Debug|x86.Build.0 = Debug|Any CPU
		{4E01BA87-4E8D-4AF7-A3C9-EFD8746B3DAA}.Release|Any CPU.ActiveCfg = Release|Any CPU
		{4E01BA87-4E8D-4AF7-A3C9-EFD8746B3DAA}.Release|Any CPU.Build.0 = Release|Any CPU
		{4E01BA87-4E8D-4AF7-A3C9-EFD8746B3DAA}.Release|x64.ActiveCfg = Release|Any CPU
		{4E01BA87-4E8D-4AF7-A3C9-EFD8746B3DAA}.Release|x64.Build.0 = Release|Any CPU
		{4E01BA87-4E8D-4AF7-A3C9-EFD8746B3DAA}.Release|x86.ActiveCfg = Release|Any CPU
		{4E01BA87-4E8D-4AF7-A3C9-EFD8746B3DAA}.Release|x86.Build.0 = Release|Any CPU
		{D1A0A721-BA77-4464-BAFC-5DD218A37569}.Debug|Any CPU.ActiveCfg = Debug|Any CPU
		{D1A0A721-BA77-4464-BAFC-5DD218A37569}.Debug|Any CPU.Build.0 = Debug|Any CPU
		{D1A0A721-BA77-4464-BAFC-5DD218A37569}.Debug|x64.ActiveCfg = Debug|Any CPU
		{D1A0A721-BA77-4464-BAFC-5DD218A37569}.Debug|x64.Build.0 = Debug|Any CPU
		{D1A0A721-BA77-4464-BAFC-5DD218A37569}.Debug|x86.ActiveCfg = Debug|Any CPU
		{D1A0A721-BA77-4464-BAFC-5DD218A37569}.Debug|x86.Build.0 = Debug|Any CPU
		{D1A0A721-BA77-4464-BAFC-5DD218A37569}.Release|Any CPU.ActiveCfg = Release|Any CPU
		{D1A0A721-BA77-4464-BAFC-5DD218A37569}.Release|Any CPU.Build.0 = Release|Any CPU
		{D1A0A721-BA77-4464-BAFC-5DD218A37569}.Release|x64.ActiveCfg = Release|Any CPU
		{D1A0A721-BA77-4464-BAFC-5DD218A37569}.Release|x64.Build.0 = Release|Any CPU
		{D1A0A721-BA77-4464-BAFC-5DD218A37569}.Release|x86.ActiveCfg = Release|Any CPU
		{D1A0A721-BA77-4464-BAFC-5DD218A37569}.Release|x86.Build.0 = Release|Any CPU
	EndGlobalSection
	GlobalSection(SolutionProperties) = preSolution
		HideSolutionNode = FALSE
	EndGlobalSection
	GlobalSection(NestedProjects) = preSolution
		{4E01BA87-4E8D-4AF7-A3C9-EFD8746B3DAA} = {827E0CD3-B72D-47B6-A68D-7590B98EB39B}
		{D1A0A721-BA77-4464-BAFC-5DD218A37569} = {827E0CD3-B72D-47B6-A68D-7590B98EB39B}
	EndGlobalSection
EndGlobal
