
Microsoft Visual Studio Solution File, Format Version 12.00
# Visual Studio Version 17
VisualStudioVersion = 17.0.31903.59
MinimumVisualStudioVersion = 10.0.40219.1
Project("{2150E333-8FDC-42A3-9474-1A3956D46DE8}") = "src", "src", "{827E0CD3-B72D-47B6-A68D-7590B98EB39B}"
EndProject
Project("{FAE04EC0-301F-11D3-BF4B-00C04F79EFBC}") = "Diamond", "src\Diamond\Diamond.csproj", "{4073F649-ED78-44F6-9568-0E95E865DE2C}"
EndProject
Project("{FAE04EC0-301F-11D3-BF4B-00C04F79EFBC}") = "Diamond.Tests", "tests\Diamond.Tests\Diamond.Tests.csproj", "{1EBE6597-EE23-404A-8D0A-0C580267A522}"
EndProject
Global
	GlobalSection(SolutionConfigurationPlatforms) = preSolution
		Debug|Any CPU = Debug|Any CPU
		Release|Any CPU = Release|Any CPU
	EndGlobalSection
	GlobalSection(ProjectConfigurationPlatforms) = postSolution
		{4073F649-ED78-44F6-9568-0E95E865DE2C}.Debug|Any CPU.ActiveCfg = Debug|Any CPU
		{4073F649-ED78-44F6-9568-0E95E865DE2C}.Debug|Any CPU.Build.0 = Debug|Any CPU
		{4073F649-ED78-44F6-9568-0E95E865DE2C}.Release|Any CPU.ActiveCfg = Release|Any CPU
		{4073F649-ED78-44F6-9568-0E95E865DE2C}.Release|Any CPU.Build.0 = Release|Any CPU
		{1EBE6597-EE23-404A-8D0A-0C580267A522}.Debug|Any CPU.ActiveCfg = Debug|Any CPU
		{1EBE6597-EE23-404A-8D0A-0C580267A522}.Debug|Any CPU.Build.0 = Debug|Any CPU
		{1EBE6597-EE23-404A-8D0A-0C580267A522}.Release|Any CPU.ActiveCfg = Release|Any CPU
		{1EBE6597-EE23-404A-8D0A-0C580267A522}.Release|Any CPU.Build.0 = Release|Any CPU
	EndGlobalSection
	GlobalSection(SolutionProperties) = preSolution
		HideSolutionNode = FALSE
	EndGlobalSection
	GlobalSection(NestedProjects) = preSolution
		{4073F649-ED78-44F6-9568-0E95E865DE2C} = {827E0CD3-B72D-47B6-A68D-7590B98EB39B}
		{1EBE6597-EE23-404A-8D0A-0C580267A522} = {827E0CD3-B72D-47B6-A68D-7590B98EB39B}
	EndGlobalSection
EndGlobal
